
Microsoft Visual Studio Solution File, Format Version 12.00
# Visual Studio Version 17
VisualStudioVersion = 17.0.32112.339
MinimumVisualStudioVersion = 10.0.40219.1
Project("{FAE04EC0-301F-11D3-BF4B-00C04F79EFBC}") = "EFCoreApp", "EFCoreApp.csproj", "{74F2C148-7BCA-4D5D-A3A7-C97AA5222BCC}"
EndProject
Global
	GlobalSection(SolutionConfigurationPlatforms) = preSolution
		Debug|Any CPU = Debug|Any CPU
		Release|Any CPU = Release|Any CPU
	EndGlobalSection
	GlobalSection(ProjectConfigurationPlatforms) = postSolution
		{74F2C148-7BCA-4D5D-A3A7-C97AA5222BCC}.Debug|Any CPU.ActiveCfg = Debug|Any CPU
		{74F2C148-7BCA-4D5D-A3A7-C97AA5222BCC}.Debug|Any CPU.Build.0 = Debug|Any CPU
		{74F2C148-7BCA-4D5D-A3A7-C97AA5222BCC}.Release|Any CPU.ActiveCfg = Release|Any CPU
		{74F2C148-7BCA-4D5D-A3A7-C97AA5222BCC}.Release|Any CPU.Build.0 = Release|Any CPU
	EndGlobalSection
	GlobalSection(SolutionProperties) = preSolution
		HideSolutionNode = FALSE
	EndGlobalSection
	GlobalSection(ExtensibilityGlobals) = postSolution
		SolutionGuid = {15DE6C38-B7AA-44C3-AA1B-9BC6418BBA8E}
	EndGlobalSection
EndGlobal
