
Microsoft Visual Studio Solution File, Format Version 12.00
# Visual Studio Version 17
VisualStudioVersion = 17.0.32112.339
MinimumVisualStudioVersion = 10.0.40219.1
Project("{9A19103F-16F7-4668-BE54-9A1E7A4F7556}") = "EFCoreApp", "EFCoreApp\EFCoreApp.csproj", "{74F2C148-7BCA-4D5D-A3A7-C97AA5222BCC}"
EndProject
Project("{FAE04EC0-301F-11D3-BF4B-00C04F79EFBC}") = "EFCoreApp.Infrastructure", "EFCoreApp.Infrastructure\EFCoreApp.Infrastructure.csproj", "{14DA4DCC-1DA7-4729-BC9E-60E640703FD3}"
EndProject
Project("{FAE04EC0-301F-11D3-BF4B-00C04F79EFBC}") = "EFCoreApp.Core", "EFCoreApp.Core\EFCoreApp.Core.csproj", "{4276D9A9-4843-4B15-B1A3-6648AE76D5F3}"
EndProject
Global
	GlobalSection(SolutionConfigurationPlatforms) = preSolution
		Debug|Any CPU = Debug|Any CPU
		Release|Any CPU = Release|Any CPU
	EndGlobalSection
	GlobalSection(ProjectConfigurationPlatforms) = postSolution
		{74F2C148-7BCA-4D5D-A3A7-C97AA5222BCC}.Debug|Any CPU.ActiveCfg = Debug|Any CPU
		{74F2C148-7BCA-4D5D-A3A7-C97AA5222BCC}.Debug|Any CPU.Build.0 = Debug|Any CPU
		{74F2C148-7BCA-4D5D-A3A7-C97AA5222BCC}.Release|Any CPU.ActiveCfg = Release|Any CPU
		{74F2C148-7BCA-4D5D-A3A7-C97AA5222BCC}.Release|Any CPU.Build.0 = Release|Any CPU
		{14DA4DCC-1DA7-4729-BC9E-60E640703FD3}.Debug|Any CPU.ActiveCfg = Debug|Any CPU
		{14DA4DCC-1DA7-4729-BC9E-60E640703FD3}.Debug|Any CPU.Build.0 = Debug|Any CPU
		{14DA4DCC-1DA7-4729-BC9E-60E640703FD3}.Release|Any CPU.ActiveCfg = Release|Any CPU
		{14DA4DCC-1DA7-4729-BC9E-60E640703FD3}.Release|Any CPU.Build.0 = Release|Any CPU
		{4276D9A9-4843-4B15-B1A3-6648AE76D5F3}.Debug|Any CPU.ActiveCfg = Debug|Any CPU
		{4276D9A9-4843-4B15-B1A3-6648AE76D5F3}.Debug|Any CPU.Build.0 = Debug|Any CPU
		{4276D9A9-4843-4B15-B1A3-6648AE76D5F3}.Release|Any CPU.ActiveCfg = Release|Any CPU
		{4276D9A9-4843-4B15-B1A3-6648AE76D5F3}.Release|Any CPU.Build.0 = Release|Any CPU
	EndGlobalSection
	GlobalSection(SolutionProperties) = preSolution
		HideSolutionNode = FALSE
	EndGlobalSection
	GlobalSection(ExtensibilityGlobals) = postSolution
		SolutionGuid = {15DE6C38-B7AA-44C3-AA1B-9BC6418BBA8E}
	EndGlobalSection
EndGlobal
